
Microsoft Visual Studio Solution File, Format Version 12.00
# Visual Studio 15
VisualStudioVersion = 15.0.27703.2035
MinimumVisualStudioVersion = 10.0.40219.1
Project("{FAE04EC0-301F-11D3-BF4B-00C04F79EFBC}") = "BotTemplate", "BotTemplate\BotTemplate.csproj", "{F039A1C1-EBBA-405C-9FBD-8AADF00F4886}"
EndProject
Global
	GlobalSection(SolutionConfigurationPlatforms) = preSolution
		Debug|Any CPU = Debug|Any CPU
		Release|Any CPU = Release|Any CPU
	EndGlobalSection
	GlobalSection(ProjectConfigurationPlatforms) = postSolution
		{F039A1C1-EBBA-405C-9FBD-8AADF00F4886}.Debug|Any CPU.ActiveCfg = Debug|Any CPU
		{F039A1C1-EBBA-405C-9FBD-8AADF00F4886}.Debug|Any CPU.Build.0 = Debug|Any CPU
		{F039A1C1-EBBA-405C-9FBD-8AADF00F4886}.Release|Any CPU.ActiveCfg = Release|Any CPU
		{F039A1C1-EBBA-405C-9FBD-8AADF00F4886}.Release|Any CPU.Build.0 = Release|Any CPU
	EndGlobalSection
	GlobalSection(SolutionProperties) = preSolution
		HideSolutionNode = FALSE
	EndGlobalSection
	GlobalSection(ExtensibilityGlobals) = postSolution
		SolutionGuid = {4DF40A85-893E-4A21-AEDB-D5A4322EFD0F}
	EndGlobalSection
EndGlobal
